dependencies:
- name: minio
  repository: https://charts.bitnami.com/bitnami
  version: 17.0.21
- name: postgresql
  repository: https://charts.bitnami.com/bitnami
  version: 16.7.27
- name: dex
  repository: https://charts.dexidp.io
  version: 0.24.0
- name: valkey
  repository: https://valkey.io/valkey-helm/
  version: 0.9.4
digest: sha256:deb5fa27fa9c4c523275c0224debef645f347d6ae03c0eed3f4ac881df0d9f74
generated: "2026-05-29T13:40:17.872713+01:00"
