dependencies:
- name: minio
  repository: https://charts.bitnami.com/bitnami
  version: 15.0.5
- name: postgresql
  repository: https://charts.bitnami.com/bitnami
  version: 16.4.16
- name: dex
  repository: https://charts.dexidp.io
  version: 0.23.0
- name: redis
  repository: https://charts.bitnami.com/bitnami
  version: 20.11.0
digest: sha256:5a33171aa0425826e727bc1266146a5f089d57ff44154908323001b5ded91331
generated: "2025-07-25T15:28:54.111147-03:00"
